
Microsoft Visual Studio Solution File, Format Version 12.00
# Visual Studio Version 17
VisualStudioVersion = 17.10.35027.167
MinimumVisualStudioVersion = 10.0.40219.1
Project("{FAE04EC0-301F-11D3-BF4B-00C04F79EFBC}") = "Store_Chart", "Store_Chart\Store_Chart.csproj", "{E36866BB-7EE0-4A27-8842-5F0E6288A76A}"
EndProject
Global
	GlobalSection(SolutionConfigurationPlatforms) = preSolution
		Debug|Any CPU = Debug|Any CPU
		Release|Any CPU = Release|Any CPU
	EndGlobalSection
	GlobalSection(ProjectConfigurationPlatforms) = postSolution
		{E36866BB-7EE0-4A27-8842-5F0E6288A76A}.Debug|Any CPU.ActiveCfg = Debug|Any CPU
		{E36866BB-7EE0-4A27-8842-5F0E6288A76A}.Debug|Any CPU.Build.0 = Debug|Any CPU
		{E36866BB-7EE0-4A27-8842-5F0E6288A76A}.Release|Any CPU.ActiveCfg = Release|Any CPU
		{E36866BB-7EE0-4A27-8842-5F0E6288A76A}.Release|Any CPU.Build.0 = Release|Any CPU
	EndGlobalSection
	GlobalSection(SolutionProperties) = preSolution
		HideSolutionNode = FALSE
	EndGlobalSection
	GlobalSection(ExtensibilityGlobals) = postSolution
		SolutionGuid = {5B2DDCC8-96C3-4F8D-9D3C-4013266225B8}
	EndGlobalSection
EndGlobal
